// !$*UTF8*$!
{
	archiveVersion = 1;
	classes = {
	};
	objectVersion = 50;
	objects = {

/* Begin PBXBuildFile section */
		223633A521AE3C0D000C172C /* RadioButton.swift in Sources */ = {isa = PBXBuildFile; fileRef = 223633A421AE3C0D000C172C /* RadioButton.swift */; };
		223633A721AE3F0A000C172C /* PlaylistTableViewCell.swift in Sources */ = {isa = PBXBuildFile; fileRef = 223633A621AE3F0A000C172C /* PlaylistTableViewCell.swift */; };
		228C6EC321A6548F008DA3A0 /* SpotifyUserModel.swift in Sources */ = {isa = PBXBuildFile; fileRef = 228C6EC221A6548F008DA3A0 /* SpotifyUserModel.swift */; };
		22F303D821A56930008E9CD5 /* AppDelegate.swift in Sources */ = {isa = PBXBuildFile; fileRef = 22F303D721A56930008E9CD5 /* AppDelegate.swift */; };
		22F303DA21A56930008E9CD5 /* ViewController.swift in Sources */ = {isa = PBXBuildFile; fileRef = 22F303D921A56930008E9CD5 /* ViewController.swift */; };
		22F303DD21A56930008E9CD5 /* Main.storyboard in Resources */ = {isa = PBXBuildFile; fileRef = 22F303DB21A56930008E9CD5 /* Main.storyboard */; };
		22F303DF21A56930008E9CD5 /* Assets.xcassets in Resources */ = {isa = PBXBuildFile; fileRef = 22F303DE21A56930008E9CD5 /* Assets.xcassets */; };
		22F303E221A56930008E9CD5 /* LaunchScreen.storyboard in Resources */ = {isa = PBXBuildFile; fileRef = 22F303E021A56930008E9CD5 /* LaunchScreen.storyboard */; };
		22F303ED21A56930008E9CD5 /* ProjectTests.swift in Sources */ = {isa = PBXBuildFile; fileRef = 22F303EC21A56930008E9CD5 /* ProjectTests.swift */; };
		22F303F821A56930008E9CD5 /* ProjectUITests.swift in Sources */ = {isa = PBXBuildFile; fileRef = 22F303F721A56930008E9CD5 /* ProjectUITests.swift */; };
		22F3040721A56A19008E9CD5 /* SpotifyiOS.framework in Frameworks */ = {isa = PBXBuildFile; fileRef = 22F3040621A56A19008E9CD5 /* SpotifyiOS.framework */; };
		3FA64AC121ACC6BE0095D177 /* AddSongVC.swift in Sources */ = {isa = PBXBuildFile; fileRef = 3FA64AC021ACC6BE0095D177 /* AddSongVC.swift */; };
		3FA64AC321ACC7540095D177 /* RoundButton.swift in Sources */ = {isa = PBXBuildFile; fileRef = 3FA64AC221ACC7540095D177 /* RoundButton.swift */; };
		3FA64AC521ACCE3A0095D177 /* PlaylistVC.swift in Sources */ = {isa = PBXBuildFile; fileRef = 3FA64AC421ACCE3A0095D177 /* PlaylistVC.swift */; };
		3FDEAC5B21B63B3D004FABDB /* PopUpViewController.swift in Sources */ = {isa = PBXBuildFile; fileRef = 3FDEAC5A21B63B3D004FABDB /* PopUpViewController.swift */; };
		745F07A321B3629D00164DC0 /* NearbyMessageModel.swift in Sources */ = {isa = PBXBuildFile; fileRef = 745F07A221B3629C00164DC0 /* NearbyMessageModel.swift */; };
		A8FD2C0E156E32AB02130BB4 /* Pods_ShareTunes.framework in Frameworks */ = {isa = PBXBuildFile; fileRef = FC70533EF83077831A484D3D /* Pods_ShareTunes.framework */; };
/* End PBXBuildFile section */

/* Begin PBXContainerItemProxy section */
		22F303E921A56930008E9CD5 /* PBXContainerItemProxy */ = {
			isa = PBXContainerItemProxy;
			containerPortal = 22F303CC21A56930008E9CD5 /* Project object */;
			proxyType = 1;
			remoteGlobalIDString = 22F303D321A56930008E9CD5;
			remoteInfo = Project;
		};
		22F303F421A56930008E9CD5 /* PBXContainerItemProxy */ = {
			isa = PBXContainerItemProxy;
			containerPortal = 22F303CC21A56930008E9CD5 /* Project object */;
			proxyType = 1;
			remoteGlobalIDString = 22F303D321A56930008E9CD5;
			remoteInfo = Project;
		};
/* End PBXContainerItemProxy section */

/* Begin PBXFileReference section */
		223633A421AE3C0D000C172C /* RadioButton.swift */ = {isa = PBXFileReference; fileEncoding = 4; lastKnownFileType = sourcecode.swift; path = RadioButton.swift; sourceTree = "<group>"; };
		223633A621AE3F0A000C172C /* PlaylistTableViewCell.swift */ = {isa = PBXFileReference; lastKnownFileType = sourcecode.swift; path = PlaylistTableViewCell.swift; sourceTree = "<group>"; };
		228C6EC221A6548F008DA3A0 /* SpotifyUserModel.swift */ = {isa = PBXFileReference; lastKnownFileType = sourcecode.swift; path = SpotifyUserModel.swift; sourceTree = "<group>"; };
		22F303D421A56930008E9CD5 /* ShareTunes.app */ = {isa = PBXFileReference; explicitFileType = wrapper.application; includeInIndex = 0; path = ShareTunes.app; sourceTree = BUILT_PRODUCTS_DIR; };
		22F303D721A56930008E9CD5 /* AppDelegate.swift */ = {isa = PBXFileReference; lastKnownFileType = sourcecode.swift; path = AppDelegate.swift; sourceTree = "<group>"; };
		22F303D921A56930008E9CD5 /* ViewController.swift */ = {isa = PBXFileReference; lastKnownFileType = sourcecode.swift; path = ViewController.swift; sourceTree = "<group>"; };
		22F303DC21A56930008E9CD5 /* Base */ = {isa = PBXFileReference; lastKnownFileType = file.storyboard; name = Base; path = Base.lproj/Main.storyboard; sourceTree = "<group>"; };
		22F303DE21A56930008E9CD5 /* Assets.xcassets */ = {isa = PBXFileReference; lastKnownFileType = folder.assetcatalog; path = Assets.xcassets; sourceTree = "<group>"; };
		22F303E121A56930008E9CD5 /* Base */ = {isa = PBXFileReference; lastKnownFileType = file.storyboard; name = Base; path = Base.lproj/LaunchScreen.storyboard; sourceTree = "<group>"; };
		22F303E321A56930008E9CD5 /* Info.plist */ = {isa = PBXFileReference; lastKnownFileType = text.plist.xml; path = Info.plist; sourceTree = "<group>"; };
		22F303E821A56930008E9CD5 /* ShareTunesTests.xctest */ = {isa = PBXFileReference; explicitFileType = wrapper.cfbundle; includeInIndex = 0; path = ShareTunesTests.xctest; sourceTree = BUILT_PRODUCTS_DIR; };
		22F303EC21A56930008E9CD5 /* ProjectTests.swift */ = {isa = PBXFileReference; lastKnownFileType = sourcecode.swift; path = ProjectTests.swift; sourceTree = "<group>"; };
		22F303EE21A56930008E9CD5 /* Info.plist */ = {isa = PBXFileReference; lastKnownFileType = text.plist.xml; path = Info.plist; sourceTree = "<group>"; };
		22F303F321A56930008E9CD5 /* ShareTunesUITests.xctest */ = {isa = PBXFileReference; explicitFileType = wrapper.cfbundle; includeInIndex = 0; path = ShareTunesUITests.xctest; sourceTree = BUILT_PRODUCTS_DIR; };
		22F303F721A56930008E9CD5 /* ProjectUITests.swift */ = {isa = PBXFileReference; lastKnownFileType = sourcecode.swift; path = ProjectUITests.swift; sourceTree = "<group>"; };
		22F303F921A56930008E9CD5 /* Info.plist */ = {isa = PBXFileReference; lastKnownFileType = text.plist.xml; path = Info.plist; sourceTree = "<group>"; };
		22F3040521A569AE008E9CD5 /* ShareTunes-Bridging-Header.h */ = {isa = PBXFileReference; fileEncoding = 4; lastKnownFileType = sourcecode.c.h; path = "ShareTunes-Bridging-Header.h"; sourceTree = "<group>"; };
		22F3040621A56A19008E9CD5 /* SpotifyiOS.framework */ = {isa = PBXFileReference; lastKnownFileType = wrapper.framework; path = SpotifyiOS.framework; sourceTree = "<group>"; };
		3125A23FA772D644C4B13A1C /* Pods-Project.debug.xcconfig */ = {isa = PBXFileReference; includeInIndex = 1; lastKnownFileType = text.xcconfig; name = "Pods-Project.debug.xcconfig"; path = "Pods/Target Support Files/Pods-Project/Pods-Project.debug.xcconfig"; sourceTree = "<group>"; };
		3BF57FADFE56285918204FC3 /* Pods-ShareTunes.debug.xcconfig */ = {isa = PBXFileReference; includeInIndex = 1; lastKnownFileType = text.xcconfig; name = "Pods-ShareTunes.debug.xcconfig"; path = "Pods/Target Support Files/Pods-ShareTunes/Pods-ShareTunes.debug.xcconfig"; sourceTree = "<group>"; };
		3FA64AC021ACC6BE0095D177 /* AddSongVC.swift */ = {isa = PBXFileReference; lastKnownFileType = sourcecode.swift; path = AddSongVC.swift; sourceTree = "<group>"; };
		3FA64AC221ACC7540095D177 /* RoundButton.swift */ = {isa = PBXFileReference; lastKnownFileType = sourcecode.swift; path = RoundButton.swift; sourceTree = "<group>"; };
		3FA64AC421ACCE3A0095D177 /* PlaylistVC.swift */ = {isa = PBXFileReference; lastKnownFileType = sourcecode.swift; path = PlaylistVC.swift; sourceTree = "<group>"; };
		3FDEAC5A21B63B3D004FABDB /* PopUpViewController.swift */ = {isa = PBXFileReference; lastKnownFileType = sourcecode.swift; path = PopUpViewController.swift; sourceTree = "<group>"; };
		5DE925818B6CBF21B769BEE8 /* Pods-Project.release.xcconfig */ = {isa = PBXFileReference; includeInIndex = 1; lastKnownFileType = text.xcconfig; name = "Pods-Project.release.xcconfig"; path = "Pods/Target Support Files/Pods-Project/Pods-Project.release.xcconfig"; sourceTree = "<group>"; };
		745F07A221B3629C00164DC0 /* NearbyMessageModel.swift */ = {isa = PBXFileReference; fileEncoding = 4; lastKnownFileType = sourcecode.swift; path = NearbyMessageModel.swift; sourceTree = "<group>"; };
		7A1A8C3A248221F767A0538A /* Pods_Project.framework */ = {isa = PBXFileReference; explicitFileType = wrapper.framework; includeInIndex = 0; path = Pods_Project.framework; sourceTree = BUILT_PRODUCTS_DIR; };
		BAC5C6363012725158FA1FD2 /* Pods-ShareTunes.release.xcconfig */ = {isa = PBXFileReference; includeInIndex = 1; lastKnownFileType = text.xcconfig; name = "Pods-ShareTunes.release.xcconfig"; path = "Pods/Target Support Files/Pods-ShareTunes/Pods-ShareTunes.release.xcconfig"; sourceTree = "<group>"; };
		FC70533EF83077831A484D3D /* Pods_ShareTunes.framework */ = {isa = PBXFileReference; explicitFileType = wrapper.framework; includeInIndex = 0; path = Pods_ShareTunes.framework; sourceTree = BUILT_PRODUCTS_DIR; };
/* End PBXFileReference section */

/* Begin PBXFrameworksBuildPhase section */
		22F303D121A56930008E9CD5 /* Frameworks */ = {
			isa = PBXFrameworksBuildPhase;
			buildActionMask = 2147483647;
			files = (
				22F3040721A56A19008E9CD5 /* SpotifyiOS.framework in Frameworks */,
				A8FD2C0E156E32AB02130BB4 /* Pods_ShareTunes.framework in Frameworks */,
			);
			runOnlyForDeploymentPostprocessing = 0;
		};
		22F303E521A56930008E9CD5 /* Frameworks */ = {
			isa = PBXFrameworksBuildPhase;
			buildActionMask = 2147483647;
			files = (
			);
			runOnlyForDeploymentPostprocessing = 0;
		};
		22F303F021A56930008E9CD5 /* Frameworks */ = {
			isa = PBXFrameworksBuildPhase;
			buildActionMask = 2147483647;
			files = (
			);
			runOnlyForDeploymentPostprocessing = 0;
		};
/* End PBXFrameworksBuildPhase section */

/* Begin PBXGroup section */
		22F303CB21A56930008E9CD5 = {
			isa = PBXGroup;
			children = (
				22F3040521A569AE008E9CD5 /* ShareTunes-Bridging-Header.h */,
				22F303D621A56930008E9CD5 /* ShareTunes */,
				22F303EB21A56930008E9CD5 /* ShareTunesTests */,
				22F303F621A56930008E9CD5 /* ShareTunesUITests */,
				22F303D521A56930008E9CD5 /* Products */,
				22F3040621A56A19008E9CD5 /* SpotifyiOS.framework */,
				64356245FBBF6315CE614B84 /* Frameworks */,
				4A58C23636069286E18B2C19 /* Pods */,
			);
			sourceTree = "<group>";
		};
		22F303D521A56930008E9CD5 /* Products */ = {
			isa = PBXGroup;
			children = (
				22F303D421A56930008E9CD5 /* ShareTunes.app */,
				22F303E821A56930008E9CD5 /* ShareTunesTests.xctest */,
				22F303F321A56930008E9CD5 /* ShareTunesUITests.xctest */,
			);
			name = Products;
			sourceTree = "<group>";
		};
		22F303D621A56930008E9CD5 /* ShareTunes */ = {
			isa = PBXGroup;
			children = (
				223633A421AE3C0D000C172C /* RadioButton.swift */,
				22F303D721A56930008E9CD5 /* AppDelegate.swift */,
				22F303D921A56930008E9CD5 /* ViewController.swift */,
				22F303DB21A56930008E9CD5 /* Main.storyboard */,
				3FDEAC5A21B63B3D004FABDB /* PopUpViewController.swift */,
				223633A621AE3F0A000C172C /* PlaylistTableViewCell.swift */,
				3FA64AC421ACCE3A0095D177 /* PlaylistVC.swift */,
				745F07A221B3629C00164DC0 /* NearbyMessageModel.swift */,
				3FA64AC021ACC6BE0095D177 /* AddSongVC.swift */,
				3FA64AC221ACC7540095D177 /* RoundButton.swift */,
				22F303DE21A56930008E9CD5 /* Assets.xcassets */,
				22F303E021A56930008E9CD5 /* LaunchScreen.storyboard */,
				22F303E321A56930008E9CD5 /* Info.plist */,
				228C6EC221A6548F008DA3A0 /* SpotifyUserModel.swift */,
			);
			path = ShareTunes;
			sourceTree = "<group>";
		};
		22F303EB21A56930008E9CD5 /* ShareTunesTests */ = {
			isa = PBXGroup;
			children = (
				22F303EC21A56930008E9CD5 /* ProjectTests.swift */,
				22F303EE21A56930008E9CD5 /* Info.plist */,
			);
			path = ShareTunesTests;
			sourceTree = "<group>";
		};
		22F303F621A56930008E9CD5 /* ShareTunesUITests */ = {
			isa = PBXGroup;
			children = (
				22F303F721A56930008E9CD5 /* ProjectUITests.swift */,
				22F303F921A56930008E9CD5 /* Info.plist */,
			);
			path = ShareTunesUITests;
			sourceTree = "<group>";
		};
		4A58C23636069286E18B2C19 /* Pods */ = {
			isa = PBXGroup;
			children = (
				3125A23FA772D644C4B13A1C /* Pods-Project.debug.xcconfig */,
				5DE925818B6CBF21B769BEE8 /* Pods-Project.release.xcconfig */,
				3BF57FADFE56285918204FC3 /* Pods-ShareTunes.debug.xcconfig */,
				BAC5C6363012725158FA1FD2 /* Pods-ShareTunes.release.xcconfig */,
			);
			name = Pods;
			sourceTree = "<group>";
		};
		64356245FBBF6315CE614B84 /* Frameworks */ = {
			isa = PBXGroup;
			children = (
				7A1A8C3A248221F767A0538A /* Pods_Project.framework */,
				FC70533EF83077831A484D3D /* Pods_ShareTunes.framework */,
			);
			name = Frameworks;
			sourceTree = "<group>";
		};
/* End PBXGroup section */

/* Begin PBXNativeTarget section */
		22F303D321A56930008E9CD5 /* ShareTunes */ = {
			isa = PBXNativeTarget;
			buildConfigurationList = 22F303FC21A56930008E9CD5 /* Build configuration list for PBXNativeTarget "ShareTunes" */;
			buildPhases = (
				1BDE0FDB80ABE50003E28A07 /* [CP] Check Pods Manifest.lock */,
				22F303D021A56930008E9CD5 /* Sources */,
				22F303D121A56930008E9CD5 /* Frameworks */,
				22F303D221A56930008E9CD5 /* Resources */,
				6979E083B9E9E6359CA2619E /* [CP] Embed Pods Frameworks */,
				C0BBC2B16E86B882E3014B1F /* [CP] Copy Pods Resources */,
			);
			buildRules = (
			);
			dependencies = (
			);
			name = ShareTunes;
			productName = Project;
			productReference = 22F303D421A56930008E9CD5 /* ShareTunes.app */;
			productType = "com.apple.product-type.application";
		};
		22F303E721A56930008E9CD5 /* ShareTunesTests */ = {
			isa = PBXNativeTarget;
			buildConfigurationList = 22F303FF21A56930008E9CD5 /* Build configuration list for PBXNativeTarget "ShareTunesTests" */;
			buildPhases = (
				22F303E421A56930008E9CD5 /* Sources */,
				22F303E521A56930008E9CD5 /* Frameworks */,
				22F303E621A56930008E9CD5 /* Resources */,
			);
			buildRules = (
			);
			dependencies = (
				22F303EA21A56930008E9CD5 /* PBXTargetDependency */,
			);
			name = ShareTunesTests;
			productName = ProjectTests;
			productReference = 22F303E821A56930008E9CD5 /* ShareTunesTests.xctest */;
			productType = "com.apple.product-type.bundle.unit-test";
		};
		22F303F221A56930008E9CD5 /* ShareTunesUITests */ = {
			isa = PBXNativeTarget;
			buildConfigurationList = 22F3040221A56930008E9CD5 /* Build configuration list for PBXNativeTarget "ShareTunesUITests" */;
			buildPhases = (
				22F303EF21A56930008E9CD5 /* Sources */,
				22F303F021A56930008E9CD5 /* Frameworks */,
				22F303F121A56930008E9CD5 /* Resources */,
			);
			buildRules = (
			);
			dependencies = (
				22F303F521A56930008E9CD5 /* PBXTargetDependency */,
			);
			name = ShareTunesUITests;
			productName = ProjectUITests;
			productReference = 22F303F321A56930008E9CD5 /* ShareTunesUITests.xctest */;
			productType = "com.apple.product-type.bundle.ui-testing";
		};
/* End PBXNativeTarget section */

/* Begin PBXProject section */
		22F303CC21A56930008E9CD5 /* Project object */ = {
			isa = PBXProject;
			attributes = {
				LastSwiftUpdateCheck = 1010;
				LastUpgradeCheck = 1010;
				ORGANIZATIONNAME = groupTNJ;
				TargetAttributes = {
					22F303D321A56930008E9CD5 = {
						CreatedOnToolsVersion = 10.1;
					};
					22F303E721A56930008E9CD5 = {
						CreatedOnToolsVersion = 10.1;
						TestTargetID = 22F303D321A56930008E9CD5;
					};
					22F303F221A56930008E9CD5 = {
						CreatedOnToolsVersion = 10.1;
						TestTargetID = 22F303D321A56930008E9CD5;
					};
				};
			};
			buildConfigurationList = 22F303CF21A56930008E9CD5 /* Build configuration list for PBXProject "ShareTunes" */;
			compatibilityVersion = "Xcode 9.3";
			developmentRegion = en;
			hasScannedForEncodings = 0;
			knownRegions = (
				en,
				Base,
			);
			mainGroup = 22F303CB21A56930008E9CD5;
			productRefGroup = 22F303D521A56930008E9CD5 /* Products */;
			projectDirPath = "";
			projectRoot = "";
			targets = (
				22F303D321A56930008E9CD5 /* ShareTunes */,
				22F303E721A56930008E9CD5 /* ShareTunesTests */,
				22F303F221A56930008E9CD5 /* ShareTunesUITests */,
			);
		};
/* End PBXProject section */

/* Begin PBXResourcesBuildPhase section */
		22F303D221A56930008E9CD5 /* Resources */ = {
			isa = PBXResourcesBuildPhase;
			buildActionMask = 2147483647;
			files = (
				22F303E221A56930008E9CD5 /* LaunchScreen.storyboard in Resources */,
				22F303DF21A56930008E9CD5 /* Assets.xcassets in Resources */,
				22F303DD21A56930008E9CD5 /* Main.storyboard in Resources */,
			);
			runOnlyForDeploymentPostprocessing = 0;
		};
		22F303E621A56930008E9CD5 /* Resources */ = {
			isa = PBXResourcesBuildPhase;
			buildActionMask = 2147483647;
			files = (
			);
			runOnlyForDeploymentPostprocessing = 0;
		};
		22F303F121A56930008E9CD5 /* Resources */ = {
			isa = PBXResourcesBuildPhase;
			buildActionMask = 2147483647;
			files = (
			);
			runOnlyForDeploymentPostprocessing = 0;
		};
/* End PBXResourcesBuildPhase section */

/* Begin PBXShellScriptBuildPhase section */
		1BDE0FDB80ABE50003E28A07 /* [CP] Check Pods Manifest.lock */ = {
			isa = PBXShellScriptBuildPhase;
			buildActionMask = 2147483647;
			files = (
			);
			inputFileListPaths = (
			);
			inputPaths = (
				"${PODS_PODFILE_DIR_PATH}/Podfile.lock",
				"${PODS_ROOT}/Manifest.lock",
			);
			name = "[CP] Check Pods Manifest.lock";
			outputFileListPaths = (
			);
			outputPaths = (
				"$(DERIVED_FILE_DIR)/Pods-ShareTunes-checkManifestLockResult.txt",
			);
			runOnlyForDeploymentPostprocessing = 0;
			shellPath = /bin/sh;
			shellScript = "diff \"${PODS_PODFILE_DIR_PATH}/Podfile.lock\" \"${PODS_ROOT}/Manifest.lock\" > /dev/null\nif [ $? != 0 ] ; then\n    # print error to STDERR\n    echo \"error: The sandbox is not in sync with the Podfile.lock. Run 'pod install' or update your CocoaPods installation.\" >&2\n    exit 1\nfi\n# This output is used by Xcode 'outputs' to avoid re-running this script phase.\necho \"SUCCESS\" > \"${SCRIPT_OUTPUT_FILE_0}\"\n";
			showEnvVarsInLog = 0;
		};
		6979E083B9E9E6359CA2619E /* [CP] Embed Pods Frameworks */ = {
			isa = PBXShellScriptBuildPhase;
			buildActionMask = 2147483647;
			files = (
			);
			inputFileListPaths = (
			);
			inputPaths = (
				"${SRCROOT}/Pods/Target Support Files/Pods-ShareTunes/Pods-ShareTunes-frameworks.sh",
				"${BUILT_PRODUCTS_DIR}/DynamicBlurView/DynamicBlurView.framework",
				"${BUILT_PRODUCTS_DIR}/LiquidFloatingActionButton/LiquidFloatingActionButton.framework",
				"${BUILT_PRODUCTS_DIR}/MarqueeLabel/MarqueeLabel.framework",
				"${BUILT_PRODUCTS_DIR}/PopupDialog/PopupDialog.framework",
				"${BUILT_PRODUCTS_DIR}/Presentr/Presentr.framework",
				"${BUILT_PRODUCTS_DIR}/SnapKit/SnapKit.framework",
			);
			name = "[CP] Embed Pods Frameworks";
			outputFileListPaths = (
			);
			outputPaths = (
				"${TARGET_BUILD_DIR}/${FRAMEWORKS_FOLDER_PATH}/DynamicBlurView.framework",
				"${TARGET_BUILD_DIR}/${FRAMEWORKS_FOLDER_PATH}/LiquidFloatingActionButton.framework",
				"${TARGET_BUILD_DIR}/${FRAMEWORKS_FOLDER_PATH}/MarqueeLabel.framework",
				"${TARGET_BUILD_DIR}/${FRAMEWORKS_FOLDER_PATH}/PopupDialog.framework",
				"${TARGET_BUILD_DIR}/${FRAMEWORKS_FOLDER_PATH}/Presentr.framework",
				"${TARGET_BUILD_DIR}/${FRAMEWORKS_FOLDER_PATH}/SnapKit.framework",
			);
			runOnlyForDeploymentPostprocessing = 0;
			shellPath = /bin/sh;
			shellScript = "\"${SRCROOT}/Pods/Target Support Files/Pods-ShareTunes/Pods-ShareTunes-frameworks.sh\"\n";
			showEnvVarsInLog = 0;
		};
		C0BBC2B16E86B882E3014B1F /* [CP] Copy Pods Resources */ = {
			isa = PBXShellScriptBuildPhase;
			buildActionMask = 2147483647;
			files = (
			);
			inputFileListPaths = (
			);
			inputPaths = (
				"${SRCROOT}/Pods/Target Support Files/Pods-ShareTunes/Pods-ShareTunes-resources.sh",
				"${PODS_ROOT}/NearbyMessages/Resources/resources/GNSSharedResources.bundle",
				"${PODS_ROOT}/NearbyMessages/Resources/resources/ic_expand_more.xcassets",
				"${PODS_ROOT}/NearbyMessages/Resources/resources/ic_nearby_48pt.xcassets",
			);
			name = "[CP] Copy Pods Resources";
			outputFileListPaths = (
			);
			outputPaths = (
				"${TARGET_BUILD_DIR}/${UNLOCALIZED_RESOURCES_FOLDER_PATH}/GNSSharedResources.bundle",
				"${TARGET_BUILD_DIR}/${UNLOCALIZED_RESOURCES_FOLDER_PATH}/Assets.car",
			);
			runOnlyForDeploymentPostprocessing = 0;
			shellPath = /bin/sh;
			shellScript = "\"${SRCROOT}/Pods/Target Support Files/Pods-ShareTunes/Pods-ShareTunes-resources.sh\"\n";
			showEnvVarsInLog = 0;
		};
/* End PBXShellScriptBuildPhase section */

/* Begin PBXSourcesBuildPhase section */
		22F303D021A56930008E9CD5 /* Sources */ = {
			isa = PBXSourcesBuildPhase;
			buildActionMask = 2147483647;
			files = (
				22F303DA21A56930008E9CD5 /* ViewController.swift in Sources */,
				223633A521AE3C0D000C172C /* RadioButton.swift in Sources */,
				3FA64AC321ACC7540095D177 /* RoundButton.swift in Sources */,
				745F07A321B3629D00164DC0 /* NearbyMessageModel.swift in Sources */,
				223633A721AE3F0A000C172C /* PlaylistTableViewCell.swift in Sources */,
				3FDEAC5B21B63B3D004FABDB /* PopUpViewController.swift in Sources */,
				3FA64AC521ACCE3A0095D177 /* PlaylistVC.swift in Sources */,
				228C6EC321A6548F008DA3A0 /* SpotifyUserModel.swift in Sources */,
				22F303D821A56930008E9CD5 /* AppDelegate.swift in Sources */,
				3FA64AC121ACC6BE0095D177 /* AddSongVC.swift in Sources */,
			);
			runOnlyForDeploymentPostprocessing = 0;
		};
		22F303E421A56930008E9CD5 /* Sources */ = {
			isa = PBXSourcesBuildPhase;
			buildActionMask = 2147483647;
			files = (
				22F303ED21A56930008E9CD5 /* ProjectTests.swift in Sources */,
			);
			runOnlyForDeploymentPostprocessing = 0;
		};
		22F303EF21A56930008E9CD5 /* Sources */ = {
			isa = PBXSourcesBuildPhase;
			buildActionMask = 2147483647;
			files = (
				22F303F821A56930008E9CD5 /* ProjectUITests.swift in Sources */,
			);
			runOnlyForDeploymentPostprocessing = 0;
		};
/* End PBXSourcesBuildPhase section */

/* Begin PBXTargetDependency section */
		22F303EA21A56930008E9CD5 /* PBXTargetDependency */ = {
			isa = PBXTargetDependency;
			target = 22F303D321A56930008E9CD5 /* ShareTunes */;
			targetProxy = 22F303E921A56930008E9CD5 /* PBXContainerItemProxy */;
		};
		22F303F521A56930008E9CD5 /* PBXTargetDependency */ = {
			isa = PBXTargetDependency;
			target = 22F303D321A56930008E9CD5 /* ShareTunes */;
			targetProxy = 22F303F421A56930008E9CD5 /* PBXContainerItemProxy */;
		};
/* End PBXTargetDependency section */

/* Begin PBXVariantGroup section */
		22F303DB21A56930008E9CD5 /* Main.storyboard */ = {
			isa = PBXVariantGroup;
			children = (
				22F303DC21A56930008E9CD5 /* Base */,
			);
			name = Main.storyboard;
			sourceTree = "<group>";
		};
		22F303E021A56930008E9CD5 /* LaunchScreen.storyboard */ = {
			isa = PBXVariantGroup;
			children = (
				22F303E121A56930008E9CD5 /* Base */,
			);
			name = LaunchScreen.storyboard;
			sourceTree = "<group>";
		};
/* End PBXVariantGroup section */

/* Begin XCBuildConfiguration section */
		22F303FA21A56930008E9CD5 /* Debug */ = {
			isa = XCBuildConfiguration;
			buildSettings = {
				ALWAYS_SEARCH_USER_PATHS = NO;
				CLANG_ANALYZER_NONNULL = YES;
				CLANG_ANALYZER_NUMBER_OBJECT_CONVERSION = YES_AGGRESSIVE;
				CLANG_CXX_LANGUAGE_STANDARD = "gnu++14";
				CLANG_CXX_LIBRARY = "libc++";
				CLANG_ENABLE_MODULES = YES;
				CLANG_ENABLE_OBJC_ARC = YES;
				CLANG_ENABLE_OBJC_WEAK = YES;
				CLANG_WARN_BLOCK_CAPTURE_AUTORELEASING = YES;
				CLANG_WARN_BOOL_CONVERSION = YES;
				CLANG_WARN_COMMA = YES;
				CLANG_WARN_CONSTANT_CONVERSION = YES;
				CLANG_WARN_DEPRECATED_OBJC_IMPLEMENTATIONS = YES;
				CLANG_WARN_DIRECT_OBJC_ISA_USAGE = YES_ERROR;
				CLANG_WARN_DOCUMENTATION_COMMENTS = YES;
				CLANG_WARN_EMPTY_BODY = YES;
				CLANG_WARN_ENUM_CONVERSION = YES;
				CLANG_WARN_INFINITE_RECURSION = YES;
				CLANG_WARN_INT_CONVERSION = YES;
				CLANG_WARN_NON_LITERAL_NULL_CONVERSION = YES;
				CLANG_WARN_OBJC_IMPLICIT_RETAIN_SELF = YES;
				CLANG_WARN_OBJC_LITERAL_CONVERSION = YES;
				CLANG_WARN_OBJC_ROOT_CLASS = YES_ERROR;
				CLANG_WARN_RANGE_LOOP_ANALYSIS = YES;
				CLANG_WARN_STRICT_PROTOTYPES = YES;
				CLANG_WARN_SUSPICIOUS_MOVE = YES;
				CLANG_WARN_UNGUARDED_AVAILABILITY = YES_AGGRESSIVE;
				CLANG_WARN_UNREACHABLE_CODE = YES;
				CLANG_WARN__DUPLICATE_METHOD_MATCH = YES;
				CODE_SIGN_IDENTITY = "iPhone Developer";
				COPY_PHASE_STRIP = NO;
				DEBUG_INFORMATION_FORMAT = dwarf;
				ENABLE_STRICT_OBJC_MSGSEND = YES;
				ENABLE_TESTABILITY = YES;
				GCC_C_LANGUAGE_STANDARD = gnu11;
				GCC_DYNAMIC_NO_PIC = NO;
				GCC_NO_COMMON_BLOCKS = YES;
				GCC_OPTIMIZATION_LEVEL = 0;
				GCC_PREPROCESSOR_DEFINITIONS = (
					"DEBUG=1",
					"$(inherited)",
				);
				GCC_WARN_64_TO_32_BIT_CONVERSION = YES;
				GCC_WARN_ABOUT_RETURN_TYPE = YES_ERROR;
				GCC_WARN_UNDECLARED_SELECTOR = YES;
				GCC_WARN_UNINITIALIZED_AUTOS = YES_AGGRESSIVE;
				GCC_WARN_UNUSED_FUNCTION = YES;
				GCC_WARN_UNUSED_VARIABLE = YES;
				IPHONEOS_DEPLOYMENT_TARGET = 12.1;
				MTL_ENABLE_DEBUG_INFO = INCLUDE_SOURCE;
				MTL_FAST_MATH = YES;
				ONLY_ACTIVE_ARCH = YES;
				SDKROOT = iphoneos;
				SWIFT_ACTIVE_COMPILATION_CONDITIONS = DEBUG;
				SWIFT_OPTIMIZATION_LEVEL = "-Onone";
			};
			name = Debug;
		};
		22F303FB21A56930008E9CD5 /* Release */ = {
			isa = XCBuildConfiguration;
			buildSettings = {
				ALWAYS_SEARCH_USER_PATHS = NO;
				CLANG_ANALYZER_NONNULL = YES;
				CLANG_ANALYZER_NUMBER_OBJECT_CONVERSION = YES_AGGRESSIVE;
				CLANG_CXX_LANGUAGE_STANDARD = "gnu++14";
				CLANG_CXX_LIBRARY = "libc++";
				CLANG_ENABLE_MODULES = YES;
				CLANG_ENABLE_OBJC_ARC = YES;
				CLANG_ENABLE_OBJC_WEAK = YES;
				CLANG_WARN_BLOCK_CAPTURE_AUTORELEASING = YES;
				CLANG_WARN_BOOL_CONVERSION = YES;
				CLANG_WARN_COMMA = YES;
				CLANG_WARN_CONSTANT_CONVERSION = YES;
				CLANG_WARN_DEPRECATED_OBJC_IMPLEMENTATIONS = YES;
				CLANG_WARN_DIRECT_OBJC_ISA_USAGE = YES_ERROR;
				CLANG_WARN_DOCUMENTATION_COMMENTS = YES;
				CLANG_WARN_EMPTY_BODY = YES;
				CLANG_WARN_ENUM_CONVERSION = YES;
				CLANG_WARN_INFINITE_RECURSION = YES;
				CLANG_WARN_INT_CONVERSION = YES;
				CLANG_WARN_NON_LITERAL_NULL_CONVERSION = YES;
				CLANG_WARN_OBJC_IMPLICIT_RETAIN_SELF = YES;
				CLANG_WARN_OBJC_LITERAL_CONVERSION = YES;
				CLANG_WARN_OBJC_ROOT_CLASS = YES_ERROR;
				CLANG_WARN_RANGE_LOOP_ANALYSIS = YES;
				CLANG_WARN_STRICT_PROTOTYPES = YES;
				CLANG_WARN_SUSPICIOUS_MOVE = YES;
				CLANG_WARN_UNGUARDED_AVAILABILITY = YES_AGGRESSIVE;
				CLANG_WARN_UNREACHABLE_CODE = YES;
				CLANG_WARN__DUPLICATE_METHOD_MATCH = YES;
				CODE_SIGN_IDENTITY = "iPhone Developer";
				COPY_PHASE_STRIP = NO;
				DEBUG_INFORMATION_FORMAT = "dwarf-with-dsym";
				ENABLE_NS_ASSERTIONS = NO;
				ENABLE_STRICT_OBJC_MSGSEND = YES;
				GCC_C_LANGUAGE_STANDARD = gnu11;
				GCC_NO_COMMON_BLOCKS = YES;
				GCC_WARN_64_TO_32_BIT_CONVERSION = YES;
				GCC_WARN_ABOUT_RETURN_TYPE = YES_ERROR;
				GCC_WARN_UNDECLARED_SELECTOR = YES;
				GCC_WARN_UNINITIALIZED_AUTOS = YES_AGGRESSIVE;
				GCC_WARN_UNUSED_FUNCTION = YES;
				GCC_WARN_UNUSED_VARIABLE = YES;
				IPHONEOS_DEPLOYMENT_TARGET = 12.1;
				MTL_ENABLE_DEBUG_INFO = NO;
				MTL_FAST_MATH = YES;
				SDKROOT = iphoneos;
				SWIFT_COMPILATION_MODE = wholemodule;
				SWIFT_OPTIMIZATION_LEVEL = "-O";
				VALIDATE_PRODUCT = YES;
			};
			name = Release;
		};
		22F303FD21A56930008E9CD5 /* Debug */ = {
			isa = XCBuildConfiguration;
			baseConfigurationReference = 3BF57FADFE56285918204FC3 /* Pods-ShareTunes.debug.xcconfig */;
			buildSettings = {
				ASSETCATALOG_COMPILER_APPICON_NAME = AppIcon;
				CODE_SIGN_STYLE = Automatic;
				DEVELOPMENT_TEAM = 5C55DFVYJ8;
				FRAMEWORK_SEARCH_PATHS = (
					"$(inherited)",
					"$(PROJECT_DIR)",
					"$(PROJECT_DIR)/Pods/GoogleInterchangeUtilities/Frameworks/frameworks",
					"$(PROJECT_DIR)/Pods/GoogleNetworkingUtilities/Frameworks/frameworks",
					"$(PROJECT_DIR)/Pods/GoogleSymbolUtilities/Frameworks/frameworks",
					"$(PROJECT_DIR)/Pods/GoogleUtilitiesLegacy/Frameworks/frameworks",
				);
				INFOPLIST_FILE = ShareTunes/Info.plist;
				LD_RUNPATH_SEARCH_PATHS = (
					"$(inherited)",
					"@executable_path/Frameworks",
				);
				LIBRARY_SEARCH_PATHS = (
					"$(inherited)",
					"$(PROJECT_DIR)/Pods/NearbyMessages/Libraries",
				);
				OTHER_LDFLAGS = (
					"-ObjC",
					"-v",
					"$(inherited)",
				);
				PRODUCT_BUNDLE_IDENTIFIER = com.ecs189e.sharetunes;
				PRODUCT_NAME = "$(TARGET_NAME)";
				SWIFT_ENABLE_BATCH_MODE = NO;
				SWIFT_OBJC_BRIDGING_HEADER = "ShareTunes-Bridging-Header.h";
				SWIFT_VERSION = 4.2;
				TARGETED_DEVICE_FAMILY = "1,2";
			};
			name = Debug;
		};
		22F303FE21A56930008E9CD5 /* Release */ = {
			isa = XCBuildConfiguration;
			baseConfigurationReference = BAC5C6363012725158FA1FD2 /* Pods-ShareTunes.release.xcconfig */;
			buildSettings = {
				ASSETCATALOG_COMPILER_APPICON_NAME = AppIcon;
				CODE_SIGN_STYLE = Automatic;
				DEVELOPMENT_TEAM = 5C55DFVYJ8;
				FRAMEWORK_SEARCH_PATHS = (
					"$(inherited)",
					"$(PROJECT_DIR)",
					"$(PROJECT_DIR)/Pods/GoogleInterchangeUtilities/Frameworks/frameworks",
					"$(PROJECT_DIR)/Pods/GoogleNetworkingUtilities/Frameworks/frameworks",
					"$(PROJECT_DIR)/Pods/GoogleSymbolUtilities/Frameworks/frameworks",
					"$(PROJECT_DIR)/Pods/GoogleUtilitiesLegacy/Frameworks/frameworks",
				);
				INFOPLIST_FILE = ShareTunes/Info.plist;
				LD_RUNPATH_SEARCH_PATHS = (
					"$(inherited)",
					"@executable_path/Frameworks",
				);
				LIBRARY_SEARCH_PATHS = (
					"$(inherited)",
					"$(PROJECT_DIR)/Pods/NearbyMessages/Libraries",
				);
				OTHER_LDFLAGS = (
					"-ObjC",
					"-v",
					"$(inherited)",
				);
				PRODUCT_BUNDLE_IDENTIFIER = com.ecs189e.sharetunes;
				PRODUCT_NAME = "$(TARGET_NAME)";
				SWIFT_ENABLE_BATCH_MODE = NO;
				SWIFT_OBJC_BRIDGING_HEADER = "ShareTunes-Bridging-Header.h";
				SWIFT_VERSION = 4.2;
				TARGETED_DEVICE_FAMILY = "1,2";
			};
			name = Release;
		};
		22F3040021A56930008E9CD5 /* Debug */ = {
			isa = XCBuildConfiguration;
			buildSettings = {
				ALWAYS_EMBED_SWIFT_STANDARD_LIBRARIES = YES;
				BUNDLE_LOADER = "$(TEST_HOST)";
				CODE_SIGN_STYLE = Automatic;
				INFOPLIST_FILE = ProjectTests/Info.plist;
				LD_RUNPATH_SEARCH_PATHS = (
					"$(inherited)",
					"@executable_path/Frameworks",
					"@loader_path/Frameworks",
				);
				PRODUCT_BUNDLE_IDENTIFIER = "ecs189e-groupTNJ.ProjectTests";
				PRODUCT_NAME = "$(TARGET_NAME)";
				SWIFT_VERSION = 4.2;
				TARGETED_DEVICE_FAMILY = "1,2";
				TEST_HOST = "$(BUILT_PRODUCTS_DIR)/ShareTunes.app/ShareTunes";
			};
			name = Debug;
		};
		22F3040121A56930008E9CD5 /* Release */ = {
			isa = XCBuildConfiguration;
			buildSettings = {
				ALWAYS_EMBED_SWIFT_STANDARD_LIBRARIES = YES;
				BUNDLE_LOADER = "$(TEST_HOST)";
				CODE_SIGN_STYLE = Automatic;
				INFOPLIST_FILE = ProjectTests/Info.plist;
				LD_RUNPATH_SEARCH_PATHS = (
					"$(inherited)",
					"@executable_path/Frameworks",
					"@loader_path/Frameworks",
				);
				PRODUCT_BUNDLE_IDENTIFIER = "ecs189e-groupTNJ.ProjectTests";
				PRODUCT_NAME = "$(TARGET_NAME)";
				SWIFT_VERSION = 4.2;
				TARGETED_DEVICE_FAMILY = "1,2";
				TEST_HOST = "$(BUILT_PRODUCTS_DIR)/ShareTunes.app/ShareTunes";
			};
			name = Release;
		};
		22F3040321A56930008E9CD5 /* Debug */ = {
			isa = XCBuildConfiguration;
			buildSettings = {
				ALWAYS_EMBED_SWIFT_STANDARD_LIBRARIES = YES;
				CODE_SIGN_STYLE = Automatic;
				INFOPLIST_FILE = ProjectUITests/Info.plist;
				LD_RUNPATH_SEARCH_PATHS = (
					"$(inherited)",
					"@executable_path/Frameworks",
					"@loader_path/Frameworks",
				);
				PRODUCT_BUNDLE_IDENTIFIER = "ecs189e-groupTNJ.ProjectUITests";
				PRODUCT_NAME = "$(TARGET_NAME)";
				SWIFT_VERSION = 4.2;
				TARGETED_DEVICE_FAMILY = "1,2";
				TEST_TARGET_NAME = Project;
			};
			name = Debug;
		};
		22F3040421A56930008E9CD5 /* Release */ = {
			isa = XCBuildConfiguration;
			buildSettings = {
				ALWAYS_EMBED_SWIFT_STANDARD_LIBRARIES = YES;
				CODE_SIGN_STYLE = Automatic;
				INFOPLIST_FILE = ProjectUITests/Info.plist;
				LD_RUNPATH_SEARCH_PATHS = (
					"$(inherited)",
					"@executable_path/Frameworks",
					"@loader_path/Frameworks",
				);
				PRODUCT_BUNDLE_IDENTIFIER = "ecs189e-groupTNJ.ProjectUITests";
				PRODUCT_NAME = "$(TARGET_NAME)";
				SWIFT_VERSION = 4.2;
				TARGETED_DEVICE_FAMILY = "1,2";
				TEST_TARGET_NAME = Project;
			};
			name = Release;
		};
/* End XCBuildConfiguration section */

/* Begin XCConfigurationList section */
		22F303CF21A56930008E9CD5 /* Build configuration list for PBXProject "ShareTunes" */ = {
			isa = XCConfigurationList;
			buildConfigurations = (
				22F303FA21A56930008E9CD5 /* Debug */,
				22F303FB21A56930008E9CD5 /* Release */,
			);
			defaultConfigurationIsVisible = 0;
			defaultConfigurationName = Release;
		};
		22F303FC21A56930008E9CD5 /* Build configuration list for PBXNativeTarget "ShareTunes" */ = {
			isa = XCConfigurationList;
			buildConfigurations = (
				22F303FD21A56930008E9CD5 /* Debug */,
				22F303FE21A56930008E9CD5 /* Release */,
			);
			defaultConfigurationIsVisible = 0;
			defaultConfigurationName = Release;
		};
		22F303FF21A56930008E9CD5 /* Build configuration list for PBXNativeTarget "ShareTunesTests" */ = {
			isa = XCConfigurationList;
			buildConfigurations = (
				22F3040021A56930008E9CD5 /* Debug */,
				22F3040121A56930008E9CD5 /* Release */,
			);
			defaultConfigurationIsVisible = 0;
			defaultConfigurationName = Release;
		};
		22F3040221A56930008E9CD5 /* Build configuration list for PBXNativeTarget "ShareTunesUITests" */ = {
			isa = XCConfigurationList;
			buildConfigurations = (
				22F3040321A56930008E9CD5 /* Debug */,
				22F3040421A56930008E9CD5 /* Release */,
			);
			defaultConfigurationIsVisible = 0;
			defaultConfigurationName = Release;
		};
/* End XCConfigurationList section */
	};
	rootObject = 22F303CC21A56930008E9CD5 /* Project object */;
}
